
Microsoft Visual Studio Solution File, Format Version 12.00
# Visual Studio Version 16
VisualStudioVersion = 16.0.29728.190
MinimumVisualStudioVersion = 10.0.40219.1
Project("{FAE04EC0-301F-11D3-BF4B-00C04F79EFBC}") = "NTI_project", "NTI_project\NTI_project.csproj", "{BAAFAC9F-D299-4BC8-B913-25C7EA7D2AFA}"
EndProject
Global
	GlobalSection(SolutionConfigurationPlatforms) = preSolution
		Debug|Any CPU = Debug|Any CPU
		Release|Any CPU = Release|Any CPU
	EndGlobalSection
	GlobalSection(ProjectConfigurationPlatforms) = postSolution
		{BAAFAC9F-D299-4BC8-B913-25C7EA7D2AFA}.Debug|Any CPU.ActiveCfg = Debug|Any CPU
		{BAAFAC9F-D299-4BC8-B913-25C7EA7D2AFA}.Debug|Any CPU.Build.0 = Debug|Any CPU
		{BAAFAC9F-D299-4BC8-B913-25C7EA7D2AFA}.Release|Any CPU.ActiveCfg = Release|Any CPU
		{BAAFAC9F-D299-4BC8-B913-25C7EA7D2AFA}.Release|Any CPU.Build.0 = Release|Any CPU
	EndGlobalSection
	GlobalSection(SolutionProperties) = preSolution
		HideSolutionNode = FALSE
	EndGlobalSection
	GlobalSection(ExtensibilityGlobals) = postSolution
		SolutionGuid = {CCDE7CCB-5D5A-424D-B701-45192F8949F2}
	EndGlobalSection
EndGlobal
